
Microsoft Visual Studio Solution File, Format Version 11.00
# Visual Studio 2010
Project("{8BC9CEB8-8B4A-11D0-8D11-00A0C91BC942}") = "Oryx", "Oryx\Oryx.vcxproj", "{281D27C1-6ACE-4AF4-BD42-8B883BB734FE}"
EndProject
Global
	GlobalSection(SolutionConfigurationPlatforms) = preSolution
		Debug|Win32 = Debug|Win32
		Release|Win32 = Release|Win32
	EndGlobalSection
	GlobalSection(ProjectConfigurationPlatforms) = postSolution
		{281D27C1-6ACE-4AF4-BD42-8B883BB734FE}.Debug|Win32.ActiveCfg = Debug|Win32
		{281D27C1-6ACE-4AF4-BD42-8B883BB734FE}.Debug|Win32.Build.0 = Debug|Win32
		{281D27C1-6ACE-4AF4-BD42-8B883BB734FE}.Release|Win32.ActiveCfg = Release|Win32
		{281D27C1-6ACE-4AF4-BD42-8B883BB734FE}.Release|Win32.Build.0 = Release|Win32
	EndGlobalSection
	GlobalSection(SolutionProperties) = preSolution
		HideSolutionNode = FALSE
	EndGlobalSection
EndGlobal
